
Microsoft Visual Studio Solution File, Format Version 12.00
# Visual Studio 15
VisualStudioVersion = 15.0.28307.102
MinimumVisualStudioVersion = 10.0.40219.1
Project("{FAE04EC0-301F-11D3-BF4B-00C04F79EFBC}") = "ZendeskChatBinding", "ZendeskChatBinding\ZendeskChatBinding.csproj", "{4BED7F8A-141B-4BB0-912D-46159EE1C4F1}"
EndProject
Project("{FAE04EC0-301F-11D3-BF4B-00C04F79EFBC}") = "Belvedere", "Belvedere\Belvedere.csproj", "{510C8475-C6DE-4DC4-9B59-AA26336B3351}"
EndProject
Project("{FAE04EC0-301F-11D3-BF4B-00C04F79EFBC}") = "Zendesk.Api", "Zendesk.Api\Zendesk.Api.csproj", "{1FADBF02-F0A7-4C43-8567-C0546E93A10C}"
EndProject
Project("{FAE04EC0-301F-11D3-BF4B-00C04F79EFBC}") = "ZendeskAndroidTest", "ZendeskAndroidTest\ZendeskAndroidTest.csproj", "{3BC0AC7E-3B3B-4D3F-9CC0-B2BDECC460A6}"
EndProject
Project("{FAE04EC0-301F-11D3-BF4B-00C04F79EFBC}") = "Gson", "Gson\Gson.csproj", "{1104FA36-BD2B-41B4-8907-1AB8E35C6E24}"
EndProject
Project("{FAE04EC0-301F-11D3-BF4B-00C04F79EFBC}") = "JavaCommon", "JavaCommon\JavaCommon.csproj", "{E91F4552-97D7-4622-ABEB-A431EE676EB8}"
EndProject
Global
	GlobalSection(SolutionConfigurationPlatforms) = preSolution
		Debug|Any CPU = Debug|Any CPU
		Release|Any CPU = Release|Any CPU
	EndGlobalSection
	GlobalSection(ProjectConfigurationPlatforms) = postSolution
		{4BED7F8A-141B-4BB0-912D-46159EE1C4F1}.Debug|Any CPU.ActiveCfg = Debug|Any CPU
		{4BED7F8A-141B-4BB0-912D-46159EE1C4F1}.Debug|Any CPU.Build.0 = Debug|Any CPU
		{4BED7F8A-141B-4BB0-912D-46159EE1C4F1}.Release|Any CPU.ActiveCfg = Release|Any CPU
		{4BED7F8A-141B-4BB0-912D-46159EE1C4F1}.Release|Any CPU.Build.0 = Release|Any CPU
		{510C8475-C6DE-4DC4-9B59-AA26336B3351}.Debug|Any CPU.ActiveCfg = Debug|Any CPU
		{510C8475-C6DE-4DC4-9B59-AA26336B3351}.Debug|Any CPU.Build.0 = Debug|Any CPU
		{510C8475-C6DE-4DC4-9B59-AA26336B3351}.Release|Any CPU.ActiveCfg = Release|Any CPU
		{510C8475-C6DE-4DC4-9B59-AA26336B3351}.Release|Any CPU.Build.0 = Release|Any CPU
		{1FADBF02-F0A7-4C43-8567-C0546E93A10C}.Debug|Any CPU.ActiveCfg = Debug|Any CPU
		{1FADBF02-F0A7-4C43-8567-C0546E93A10C}.Debug|Any CPU.Build.0 = Debug|Any CPU
		{1FADBF02-F0A7-4C43-8567-C0546E93A10C}.Release|Any CPU.ActiveCfg = Release|Any CPU
		{1FADBF02-F0A7-4C43-8567-C0546E93A10C}.Release|Any CPU.Build.0 = Release|Any CPU
		{3BC0AC7E-3B3B-4D3F-9CC0-B2BDECC460A6}.Debug|Any CPU.ActiveCfg = Debug|Any CPU
		{3BC0AC7E-3B3B-4D3F-9CC0-B2BDECC460A6}.Debug|Any CPU.Build.0 = Debug|Any CPU
		{3BC0AC7E-3B3B-4D3F-9CC0-B2BDECC460A6}.Debug|Any CPU.Deploy.0 = Debug|Any CPU
		{3BC0AC7E-3B3B-4D3F-9CC0-B2BDECC460A6}.Release|Any CPU.ActiveCfg = Release|Any CPU
		{3BC0AC7E-3B3B-4D3F-9CC0-B2BDECC460A6}.Release|Any CPU.Build.0 = Release|Any CPU
		{3BC0AC7E-3B3B-4D3F-9CC0-B2BDECC460A6}.Release|Any CPU.Deploy.0 = Release|Any CPU
		{1104FA36-BD2B-41B4-8907-1AB8E35C6E24}.Debug|Any CPU.ActiveCfg = Debug|Any CPU
		{1104FA36-BD2B-41B4-8907-1AB8E35C6E24}.Debug|Any CPU.Build.0 = Debug|Any CPU
		{1104FA36-BD2B-41B4-8907-1AB8E35C6E24}.Release|Any CPU.ActiveCfg = Release|Any CPU
		{1104FA36-BD2B-41B4-8907-1AB8E35C6E24}.Release|Any CPU.Build.0 = Release|Any CPU
		{E91F4552-97D7-4622-ABEB-A431EE676EB8}.Debug|Any CPU.ActiveCfg = Debug|Any CPU
		{E91F4552-97D7-4622-ABEB-A431EE676EB8}.Debug|Any CPU.Build.0 = Debug|Any CPU
		{E91F4552-97D7-4622-ABEB-A431EE676EB8}.Release|Any CPU.ActiveCfg = Release|Any CPU
		{E91F4552-97D7-4622-ABEB-A431EE676EB8}.Release|Any CPU.Build.0 = Release|Any CPU
	EndGlobalSection
	GlobalSection(SolutionProperties) = preSolution
		HideSolutionNode = FALSE
	EndGlobalSection
	GlobalSection(ExtensibilityGlobals) = postSolution
		SolutionGuid = {EAE63920-7278-406E-AF4C-0021374621E0}
	EndGlobalSection
EndGlobal
